
Microsoft Visual Studio Solution File, Format Version 12.00
# Visual Studio Version 16
VisualStudioVersion = 16.0.30225.117
MinimumVisualStudioVersion = 10.0.40219.1
Project("{FAE04EC0-301F-11D3-BF4B-00C04F79EFBC}") = "discovery.public.KIT", "discovery.public.KIT\discovery.public.KIT.csproj", "{BC7B6AA4-A853-491A-A6B3-6F47CAF92E6D}"
EndProject
Project("{FAE04EC0-301F-11D3-BF4B-00C04F79EFBC}") = "discovery.public.KIT.ORACLE", "discovery.public.KIT.ORACLE\discovery.public.KIT.ORACLE.csproj", "{B7AC55E1-899A-4D74-BB6B-AF6A67584DF4}"
EndProject
Project("{FAE04EC0-301F-11D3-BF4B-00C04F79EFBC}") = "discovery.public.KIT.Security", "discovery.public.KIT.Security\discovery.public.KIT.Security.csproj", "{23626672-1D91-46E7-BF5D-733A84BD3F38}"
EndProject
Project("{FAE04EC0-301F-11D3-BF4B-00C04F79EFBC}") = "discovery.public.KIT.p2p", "discovery.public.KIT.p2p\discovery.public.KIT.p2p.csproj", "{4E1ED2B1-EAAC-49E8-A4A4-93DDD58D0402}"
EndProject
Global
	GlobalSection(SolutionConfigurationPlatforms) = preSolution
		Debug|Any CPU = Debug|Any CPU
		Debug|ARM = Debug|ARM
		Debug|ARM64 = Debug|ARM64
		Debug|x64 = Debug|x64
		Debug|x86 = Debug|x86
		Release|Any CPU = Release|Any CPU
		Release|ARM = Release|ARM
		Release|ARM64 = Release|ARM64
		Release|x64 = Release|x64
		Release|x86 = Release|x86
	EndGlobalSection
	GlobalSection(ProjectConfigurationPlatforms) = postSolution
		{BC7B6AA4-A853-491A-A6B3-6F47CAF92E6D}.Debug|Any CPU.ActiveCfg = Debug|x86
		{BC7B6AA4-A853-491A-A6B3-6F47CAF92E6D}.Debug|ARM.ActiveCfg = Debug|ARM
		{BC7B6AA4-A853-491A-A6B3-6F47CAF92E6D}.Debug|ARM.Build.0 = Debug|ARM
		{BC7B6AA4-A853-491A-A6B3-6F47CAF92E6D}.Debug|ARM.Deploy.0 = Debug|ARM
		{BC7B6AA4-A853-491A-A6B3-6F47CAF92E6D}.Debug|ARM64.ActiveCfg = Debug|ARM64
		{BC7B6AA4-A853-491A-A6B3-6F47CAF92E6D}.Debug|ARM64.Build.0 = Debug|ARM64
		{BC7B6AA4-A853-491A-A6B3-6F47CAF92E6D}.Debug|ARM64.Deploy.0 = Debug|ARM64
		{BC7B6AA4-A853-491A-A6B3-6F47CAF92E6D}.Debug|x64.ActiveCfg = Debug|x64
		{BC7B6AA4-A853-491A-A6B3-6F47CAF92E6D}.Debug|x64.Build.0 = Debug|x64
		{BC7B6AA4-A853-491A-A6B3-6F47CAF92E6D}.Debug|x64.Deploy.0 = Debug|x64
		{BC7B6AA4-A853-491A-A6B3-6F47CAF92E6D}.Debug|x86.ActiveCfg = Debug|x86
		{BC7B6AA4-A853-491A-A6B3-6F47CAF92E6D}.Debug|x86.Build.0 = Debug|x86
		{BC7B6AA4-A853-491A-A6B3-6F47CAF92E6D}.Debug|x86.Deploy.0 = Debug|x86
		{BC7B6AA4-A853-491A-A6B3-6F47CAF92E6D}.Release|Any CPU.ActiveCfg = Release|x86
		{BC7B6AA4-A853-491A-A6B3-6F47CAF92E6D}.Release|ARM.ActiveCfg = Release|ARM
		{BC7B6AA4-A853-491A-A6B3-6F47CAF92E6D}.Release|ARM.Build.0 = Release|ARM
		{BC7B6AA4-A853-491A-A6B3-6F47CAF92E6D}.Release|ARM.Deploy.0 = Release|ARM
		{BC7B6AA4-A853-491A-A6B3-6F47CAF92E6D}.Release|ARM64.ActiveCfg = Release|ARM64
		{BC7B6AA4-A853-491A-A6B3-6F47CAF92E6D}.Release|ARM64.Build.0 = Release|ARM64
		{BC7B6AA4-A853-491A-A6B3-6F47CAF92E6D}.Release|ARM64.Deploy.0 = Release|ARM64
		{BC7B6AA4-A853-491A-A6B3-6F47CAF92E6D}.Release|x64.ActiveCfg = Release|x64
		{BC7B6AA4-A853-491A-A6B3-6F47CAF92E6D}.Release|x64.Build.0 = Release|x64
		{BC7B6AA4-A853-491A-A6B3-6F47CAF92E6D}.Release|x64.Deploy.0 = Release|x64
		{BC7B6AA4-A853-491A-A6B3-6F47CAF92E6D}.Release|x86.ActiveCfg = Release|x86
		{BC7B6AA4-A853-491A-A6B3-6F47CAF92E6D}.Release|x86.Build.0 = Release|x86
		{BC7B6AA4-A853-491A-A6B3-6F47CAF92E6D}.Release|x86.Deploy.0 = Release|x86
		{B7AC55E1-899A-4D74-BB6B-AF6A67584DF4}.Debug|Any CPU.ActiveCfg = Debug|Any CPU
		{B7AC55E1-899A-4D74-BB6B-AF6A67584DF4}.Debug|Any CPU.Build.0 = Debug|Any CPU
		{B7AC55E1-899A-4D74-BB6B-AF6A67584DF4}.Debug|ARM.ActiveCfg = Debug|ARM
		{B7AC55E1-899A-4D74-BB6B-AF6A67584DF4}.Debug|ARM.Build.0 = Debug|ARM
		{B7AC55E1-899A-4D74-BB6B-AF6A67584DF4}.Debug|ARM64.ActiveCfg = Debug|ARM64
		{B7AC55E1-899A-4D74-BB6B-AF6A67584DF4}.Debug|ARM64.Build.0 = Debug|ARM64
		{B7AC55E1-899A-4D74-BB6B-AF6A67584DF4}.Debug|x64.ActiveCfg = Debug|x64
		{B7AC55E1-899A-4D74-BB6B-AF6A67584DF4}.Debug|x64.Build.0 = Debug|x64
		{B7AC55E1-899A-4D74-BB6B-AF6A67584DF4}.Debug|x86.ActiveCfg = Debug|x86
		{B7AC55E1-899A-4D74-BB6B-AF6A67584DF4}.Debug|x86.Build.0 = Debug|x86
		{B7AC55E1-899A-4D74-BB6B-AF6A67584DF4}.Release|Any CPU.ActiveCfg = Release|Any CPU
		{B7AC55E1-899A-4D74-BB6B-AF6A67584DF4}.Release|Any CPU.Build.0 = Release|Any CPU
		{B7AC55E1-899A-4D74-BB6B-AF6A67584DF4}.Release|ARM.ActiveCfg = Release|ARM
		{B7AC55E1-899A-4D74-BB6B-AF6A67584DF4}.Release|ARM.Build.0 = Release|ARM
		{B7AC55E1-899A-4D74-BB6B-AF6A67584DF4}.Release|ARM64.ActiveCfg = Release|ARM64
		{B7AC55E1-899A-4D74-BB6B-AF6A67584DF4}.Release|ARM64.Build.0 = Release|ARM64
		{B7AC55E1-899A-4D74-BB6B-AF6A67584DF4}.Release|x64.ActiveCfg = Release|x64
		{B7AC55E1-899A-4D74-BB6B-AF6A67584DF4}.Release|x64.Build.0 = Release|x64
		{B7AC55E1-899A-4D74-BB6B-AF6A67584DF4}.Release|x86.ActiveCfg = Release|x86
		{B7AC55E1-899A-4D74-BB6B-AF6A67584DF4}.Release|x86.Build.0 = Release|x86
		{23626672-1D91-46E7-BF5D-733A84BD3F38}.Debug|Any CPU.ActiveCfg = Debug|Any CPU
		{23626672-1D91-46E7-BF5D-733A84BD3F38}.Debug|Any CPU.Build.0 = Debug|Any CPU
		{23626672-1D91-46E7-BF5D-733A84BD3F38}.Debug|ARM.ActiveCfg = Debug|ARM
		{23626672-1D91-46E7-BF5D-733A84BD3F38}.Debug|ARM.Build.0 = Debug|ARM
		{23626672-1D91-46E7-BF5D-733A84BD3F38}.Debug|ARM64.ActiveCfg = Debug|ARM64
		{23626672-1D91-46E7-BF5D-733A84BD3F38}.Debug|ARM64.Build.0 = Debug|ARM64
		{23626672-1D91-46E7-BF5D-733A84BD3F38}.Debug|x64.ActiveCfg = Debug|x64
		{23626672-1D91-46E7-BF5D-733A84BD3F38}.Debug|x64.Build.0 = Debug|x64
		{23626672-1D91-46E7-BF5D-733A84BD3F38}.Debug|x86.ActiveCfg = Debug|x86
		{23626672-1D91-46E7-BF5D-733A84BD3F38}.Debug|x86.Build.0 = Debug|x86
		{23626672-1D91-46E7-BF5D-733A84BD3F38}.Release|Any CPU.ActiveCfg = Release|Any CPU
		{23626672-1D91-46E7-BF5D-733A84BD3F38}.Release|Any CPU.Build.0 = Release|Any CPU
		{23626672-1D91-46E7-BF5D-733A84BD3F38}.Release|ARM.ActiveCfg = Release|ARM
		{23626672-1D91-46E7-BF5D-733A84BD3F38}.Release|ARM.Build.0 = Release|ARM
		{23626672-1D91-46E7-BF5D-733A84BD3F38}.Release|ARM64.ActiveCfg = Release|ARM64
		{23626672-1D91-46E7-BF5D-733A84BD3F38}.Release|ARM64.Build.0 = Release|ARM64
		{23626672-1D91-46E7-BF5D-733A84BD3F38}.Release|x64.ActiveCfg = Release|x64
		{23626672-1D91-46E7-BF5D-733A84BD3F38}.Release|x64.Build.0 = Release|x64
		{23626672-1D91-46E7-BF5D-733A84BD3F38}.Release|x86.ActiveCfg = Release|x86
		{23626672-1D91-46E7-BF5D-733A84BD3F38}.Release|x86.Build.0 = Release|x86
		{4E1ED2B1-EAAC-49E8-A4A4-93DDD58D0402}.Debug|Any CPU.ActiveCfg = Debug|Any CPU
		{4E1ED2B1-EAAC-49E8-A4A4-93DDD58D0402}.Debug|Any CPU.Build.0 = Debug|Any CPU
		{4E1ED2B1-EAAC-49E8-A4A4-93DDD58D0402}.Debug|ARM.ActiveCfg = Debug|ARM
		{4E1ED2B1-EAAC-49E8-A4A4-93DDD58D0402}.Debug|ARM.Build.0 = Debug|ARM
		{4E1ED2B1-EAAC-49E8-A4A4-93DDD58D0402}.Debug|ARM64.ActiveCfg = Debug|ARM64
		{4E1ED2B1-EAAC-49E8-A4A4-93DDD58D0402}.Debug|ARM64.Build.0 = Debug|ARM64
		{4E1ED2B1-EAAC-49E8-A4A4-93DDD58D0402}.Debug|x64.ActiveCfg = Debug|x64
		{4E1ED2B1-EAAC-49E8-A4A4-93DDD58D0402}.Debug|x64.Build.0 = Debug|x64
		{4E1ED2B1-EAAC-49E8-A4A4-93DDD58D0402}.Debug|x86.ActiveCfg = Debug|x86
		{4E1ED2B1-EAAC-49E8-A4A4-93DDD58D0402}.Debug|x86.Build.0 = Debug|x86
		{4E1ED2B1-EAAC-49E8-A4A4-93DDD58D0402}.Release|Any CPU.ActiveCfg = Release|Any CPU
		{4E1ED2B1-EAAC-49E8-A4A4-93DDD58D0402}.Release|Any CPU.Build.0 = Release|Any CPU
		{4E1ED2B1-EAAC-49E8-A4A4-93DDD58D0402}.Release|ARM.ActiveCfg = Release|ARM
		{4E1ED2B1-EAAC-49E8-A4A4-93DDD58D0402}.Release|ARM.Build.0 = Release|ARM
		{4E1ED2B1-EAAC-49E8-A4A4-93DDD58D0402}.Release|ARM64.ActiveCfg = Release|ARM64
		{4E1ED2B1-EAAC-49E8-A4A4-93DDD58D0402}.Release|ARM64.Build.0 = Release|ARM64
		{4E1ED2B1-EAAC-49E8-A4A4-93DDD58D0402}.Release|x64.ActiveCfg = Release|x64
		{4E1ED2B1-EAAC-49E8-A4A4-93DDD58D0402}.Release|x64.Build.0 = Release|x64
		{4E1ED2B1-EAAC-49E8-A4A4-93DDD58D0402}.Release|x86.ActiveCfg = Release|x86
		{4E1ED2B1-EAAC-49E8-A4A4-93DDD58D0402}.Release|x86.Build.0 = Release|x86
	EndGlobalSection
	GlobalSection(SolutionProperties) = preSolution
		HideSolutionNode = FALSE
	EndGlobalSection
	GlobalSection(ExtensibilityGlobals) = postSolution
		SolutionGuid = {4E9BBBD3-9465-45D8-958C-F33B80AED835}
	EndGlobalSection
EndGlobal
